<?xml version="1.0" encoding="UTF-8" standalone="yes" ?>
<CodeBlocks_project_file>
	<FileVersion major="1" minor="6" />
	<Project>
		<Option title="plainlandsGame" />
		<Option pch_mode="2" />
		<Option compiler="gcc" />
		<Build>
			<Target title="Debug">
				<Option output="../working folder/plainlandsGame.debug" prefix_auto="1" extension_auto="1" />
				<Option working_dir="../working folder/" />
				<Option object_output="obj/Debug/" />
				<Option type="1" />
				<Option compiler="gcc" />
				<Compiler>
					<Add option="-g" />
					<Add directory=".." />
					<Add directory="../SoDlib/include" />
					<Add directory="../hge181/include" />
				</Compiler>
				<Linker>
					<Add library="..\hge181\lib\gcc\libhge.a" />
					<Add library="..\SoDlib\libSoDlib.a" />
					<Add library="..\Box2D\libBox2D.a" />
				</Linker>
			</Target>
			<Target title="Release">
				<Option output="../working folder/plainlandsGame" prefix_auto="1" extension_auto="1" />
				<Option working_dir="../working folder/" />
				<Option object_output="obj/Release/" />
				<Option type="0" />
				<Option compiler="gcc" />
				<Compiler>
					<Add option="-O2" />
					<Add directory="../hge181/include" />
					<Add directory=".." />
					<Add directory="../SoDlib/include" />
				</Compiler>
				<Linker>
					<Add option="-s" />
					<Add library="..\hge181\lib\gcc\libhge.a" />
					<Add library="..\SoDlib\libSoDlib.a" />
					<Add library="..\Box2D\libBox2D.a" />
				</Linker>
			</Target>
		</Build>
		<Compiler>
			<Add option="-Wall" />
		</Compiler>
		<Linker>
			<Add library="gdi32" />
			<Add library="user32" />
			<Add library="kernel32" />
		</Linker>
		<Unit filename="ico over fox.ico" />
		<Unit filename="main.cpp" />
		<Unit filename="resource.h" />
		<Unit filename="resource.rc">
			<Option compilerVar="WINDRES" />
		</Unit>
		<Extensions>
			<code_completion />
			<debugger />
			<DoxyBlocks>
				<comment_style block="0" line="0" />
				<doxyfile_project />
				<doxyfile_build />
				<doxyfile_warnings />
				<doxyfile_output />
				<doxyfile_dot />
				<general />
			</DoxyBlocks>
			<envvars />
		</Extensions>
	</Project>
</CodeBlocks_project_file>
